
Microsoft Visual Studio Solution File, Format Version 12.00
# Visual Studio Version 17
VisualStudioVersion = 17.2.32616.157
MinimumVisualStudioVersion = 10.0.40219.1
Project("{FAE04EC0-301F-11D3-BF4B-00C04F79EFBC}") = "LocadoraCarros", "LocadoraCarros\LocadoraCarros.csproj", "{92FB71E9-3686-465E-A33D-5E322CDF6C19}"
EndProject
Global
	GlobalSection(SolutionConfigurationPlatforms) = preSolution
		Debug|Any CPU = Debug|Any CPU
		Release|Any CPU = Release|Any CPU
	EndGlobalSection
	GlobalSection(ProjectConfigurationPlatforms) = postSolution
		{92FB71E9-3686-465E-A33D-5E322CDF6C19}.Debug|Any CPU.ActiveCfg = Debug|Any CPU
		{92FB71E9-3686-465E-A33D-5E322CDF6C19}.Debug|Any CPU.Build.0 = Debug|Any CPU
		{92FB71E9-3686-465E-A33D-5E322CDF6C19}.Release|Any CPU.ActiveCfg = Release|Any CPU
		{92FB71E9-3686-465E-A33D-5E322CDF6C19}.Release|Any CPU.Build.0 = Release|Any CPU
	EndGlobalSection
	GlobalSection(SolutionProperties) = preSolution
		HideSolutionNode = FALSE
	EndGlobalSection
	GlobalSection(ExtensibilityGlobals) = postSolution
		SolutionGuid = {F1C46F21-8E48-44AF-AB74-AC9F71FABA10}
	EndGlobalSection
EndGlobal
